
Microsoft Visual Studio Solution File, Format Version 12.00
# Visual Studio 15
VisualStudioVersion = 15.0.27004.2002
MinimumVisualStudioVersion = 10.0.40219.1
Project("{FAE04EC0-301F-11D3-BF4B-00C04F79EFBC}") = "tunesControl", "tunesControl\tunesControl.csproj", "{79FF47CE-331B-4D5D-936A-31DA310749A6}"
EndProject
Project("{2150E333-8FDC-42A3-9474-1A3956D46DE8}") = "libs", "libs", "{3E509D1D-436C-4607-AFC5-D921E6520D96}"
EndProject
Project("{FAE04EC0-301F-11D3-BF4B-00C04F79EFBC}") = "AppGlobals", "libs\AppGlobals\AppGlobals.csproj", "{899C3CB1-9A7D-4B54-A822-2F022E76CF65}"
EndProject
Project("{FAE04EC0-301F-11D3-BF4B-00C04F79EFBC}") = "ExtensionMethods", "libs\ExtensionMethods\ExtensionMethods.csproj", "{7C993CDA-87B8-47DC-9D69-0007847FC153}"
EndProject
Project("{FAE04EC0-301F-11D3-BF4B-00C04F79EFBC}") = "FilePathLib", "libs\FilePathUtils\FilePathLib.csproj", "{EE08D26E-CBE0-4F25-8583-8263652A3B6C}"
EndProject
Project("{FAE04EC0-301F-11D3-BF4B-00C04F79EFBC}") = "Library", "libs\Library\Library.csproj", "{A63EFBBA-7EF1-42C5-BD89-B0E28B55A650}"
EndProject
Project("{FAE04EC0-301F-11D3-BF4B-00C04F79EFBC}") = "tunesCtrlLib", "libs\tunesControlLib\tunesCtrlLib.csproj", "{709B58B0-2CC9-469A-BC98-BC884AC952D6}"
EndProject
Project("{FAE04EC0-301F-11D3-BF4B-00C04F79EFBC}") = "DebugLogging", "ClassLibrary1\DebugLogging.csproj", "{0BA0D438-910F-44F5-B1BC-E1BBC228F417}"
EndProject
Global
	GlobalSection(SolutionConfigurationPlatforms) = preSolution
		Debug|Any CPU = Debug|Any CPU
		Release|Any CPU = Release|Any CPU
	EndGlobalSection
	GlobalSection(ProjectConfigurationPlatforms) = postSolution
		{79FF47CE-331B-4D5D-936A-31DA310749A6}.Debug|Any CPU.ActiveCfg = Debug|Any CPU
		{79FF47CE-331B-4D5D-936A-31DA310749A6}.Debug|Any CPU.Build.0 = Debug|Any CPU
		{79FF47CE-331B-4D5D-936A-31DA310749A6}.Release|Any CPU.ActiveCfg = Release|Any CPU
		{79FF47CE-331B-4D5D-936A-31DA310749A6}.Release|Any CPU.Build.0 = Release|Any CPU
		{899C3CB1-9A7D-4B54-A822-2F022E76CF65}.Debug|Any CPU.ActiveCfg = Debug|Any CPU
		{899C3CB1-9A7D-4B54-A822-2F022E76CF65}.Debug|Any CPU.Build.0 = Debug|Any CPU
		{899C3CB1-9A7D-4B54-A822-2F022E76CF65}.Release|Any CPU.ActiveCfg = Release|Any CPU
		{899C3CB1-9A7D-4B54-A822-2F022E76CF65}.Release|Any CPU.Build.0 = Release|Any CPU
		{7C993CDA-87B8-47DC-9D69-0007847FC153}.Debug|Any CPU.ActiveCfg = Debug|Any CPU
		{7C993CDA-87B8-47DC-9D69-0007847FC153}.Debug|Any CPU.Build.0 = Debug|Any CPU
		{7C993CDA-87B8-47DC-9D69-0007847FC153}.Release|Any CPU.ActiveCfg = Release|Any CPU
		{7C993CDA-87B8-47DC-9D69-0007847FC153}.Release|Any CPU.Build.0 = Release|Any CPU
		{EE08D26E-CBE0-4F25-8583-8263652A3B6C}.Debug|Any CPU.ActiveCfg = Debug|Any CPU
		{EE08D26E-CBE0-4F25-8583-8263652A3B6C}.Debug|Any CPU.Build.0 = Debug|Any CPU
		{EE08D26E-CBE0-4F25-8583-8263652A3B6C}.Release|Any CPU.ActiveCfg = Release|Any CPU
		{EE08D26E-CBE0-4F25-8583-8263652A3B6C}.Release|Any CPU.Build.0 = Release|Any CPU
		{A63EFBBA-7EF1-42C5-BD89-B0E28B55A650}.Debug|Any CPU.ActiveCfg = Debug|Any CPU
		{A63EFBBA-7EF1-42C5-BD89-B0E28B55A650}.Debug|Any CPU.Build.0 = Debug|Any CPU
		{A63EFBBA-7EF1-42C5-BD89-B0E28B55A650}.Release|Any CPU.ActiveCfg = Release|Any CPU
		{A63EFBBA-7EF1-42C5-BD89-B0E28B55A650}.Release|Any CPU.Build.0 = Release|Any CPU
		{709B58B0-2CC9-469A-BC98-BC884AC952D6}.Debug|Any CPU.ActiveCfg = Debug|Any CPU
		{709B58B0-2CC9-469A-BC98-BC884AC952D6}.Debug|Any CPU.Build.0 = Debug|Any CPU
		{709B58B0-2CC9-469A-BC98-BC884AC952D6}.Release|Any CPU.ActiveCfg = Release|Any CPU
		{709B58B0-2CC9-469A-BC98-BC884AC952D6}.Release|Any CPU.Build.0 = Release|Any CPU
		{0BA0D438-910F-44F5-B1BC-E1BBC228F417}.Debug|Any CPU.ActiveCfg = Debug|Any CPU
		{0BA0D438-910F-44F5-B1BC-E1BBC228F417}.Debug|Any CPU.Build.0 = Debug|Any CPU
		{0BA0D438-910F-44F5-B1BC-E1BBC228F417}.Release|Any CPU.ActiveCfg = Release|Any CPU
		{0BA0D438-910F-44F5-B1BC-E1BBC228F417}.Release|Any CPU.Build.0 = Release|Any CPU
	EndGlobalSection
	GlobalSection(SolutionProperties) = preSolution
		HideSolutionNode = FALSE
	EndGlobalSection
	GlobalSection(NestedProjects) = preSolution
		{899C3CB1-9A7D-4B54-A822-2F022E76CF65} = {3E509D1D-436C-4607-AFC5-D921E6520D96}
		{7C993CDA-87B8-47DC-9D69-0007847FC153} = {3E509D1D-436C-4607-AFC5-D921E6520D96}
		{EE08D26E-CBE0-4F25-8583-8263652A3B6C} = {3E509D1D-436C-4607-AFC5-D921E6520D96}
		{A63EFBBA-7EF1-42C5-BD89-B0E28B55A650} = {3E509D1D-436C-4607-AFC5-D921E6520D96}
		{709B58B0-2CC9-469A-BC98-BC884AC952D6} = {3E509D1D-436C-4607-AFC5-D921E6520D96}
		{0BA0D438-910F-44F5-B1BC-E1BBC228F417} = {3E509D1D-436C-4607-AFC5-D921E6520D96}
	EndGlobalSection
	GlobalSection(ExtensibilityGlobals) = postSolution
		SolutionGuid = {506B09AE-5831-45EA-9EC0-F6C7A948EEE9}
	EndGlobalSection
EndGlobal
